
Microsoft Visual Studio Solution File, Format Version 12.00
# Visual Studio Version 16
VisualStudioVersion = 16.0.31729.503
MinimumVisualStudioVersion = 10.0.40219.1
Project("{FAE04EC0-301F-11D3-BF4B-00C04F79EFBC}") = "VaccinationProcessAssignment", "VaccinationProcessAssignment\VaccinationProcessAssignment.csproj", "{81138D2B-6D83-4E6B-89B8-75D6CEE89619}"
EndProject
Global
	GlobalSection(SolutionConfigurationPlatforms) = preSolution
		Debug|Any CPU = Debug|Any CPU
		Release|Any CPU = Release|Any CPU
	EndGlobalSection
	GlobalSection(ProjectConfigurationPlatforms) = postSolution
		{81138D2B-6D83-4E6B-89B8-75D6CEE89619}.Debug|Any CPU.ActiveCfg = Debug|Any CPU
		{81138D2B-6D83-4E6B-89B8-75D6CEE89619}.Debug|Any CPU.Build.0 = Debug|Any CPU
		{81138D2B-6D83-4E6B-89B8-75D6CEE89619}.Release|Any CPU.ActiveCfg = Release|Any CPU
		{81138D2B-6D83-4E6B-89B8-75D6CEE89619}.Release|Any CPU.Build.0 = Release|Any CPU
	EndGlobalSection
	GlobalSection(SolutionProperties) = preSolution
		HideSolutionNode = FALSE
	EndGlobalSection
	GlobalSection(ExtensibilityGlobals) = postSolution
		SolutionGuid = {4446FB95-FD89-40B5-AB73-7C6DE8C92EEB}
	EndGlobalSection
EndGlobal
